
Microsoft Visual Studio Solution File, Format Version 12.00
# Visual Studio 15
VisualStudioVersion = 15.0.27703.2026
MinimumVisualStudioVersion = 10.0.40219.1
Project("{2150E333-8FDC-42A3-9474-1A3956D46DE8}") = "src", "src", "{42EAE65B-EC25-494C-B7FD-62734B3E04A7}"
EndProject
Project("{9A19103F-16F7-4668-BE54-9A1E7A4F7556}") = "ChannelAdam.PrimitiveExtensions", "src\ChannelAdam.PrimitiveExtensions\ChannelAdam.PrimitiveExtensions.csproj", "{7896E5B5-1AD5-4372-BC60-3814E53A4556}"
EndProject
Project("{FAE04EC0-301F-11D3-BF4B-00C04F79EFBC}") = "BehaviourSpecs", "src\BehaviourSpecs\BehaviourSpecs.csproj", "{BD74AB0D-33A1-43C5-950C-2EEEDCB542EF}"
EndProject
Project("{2150E333-8FDC-42A3-9474-1A3956D46DE8}") = "Solution Items", "Solution Items", "{2D1915B8-E7FF-48E4-A055-3FC3C33E229A}"
	ProjectSection(SolutionItems) = preProject
		.gitignore = .gitignore
		GitVersion.yml = GitVersion.yml
		README.md = README.md
	EndProjectSection
EndProject
Global
	GlobalSection(SolutionConfigurationPlatforms) = preSolution
		Debug|Any CPU = Debug|Any CPU
		Release|Any CPU = Release|Any CPU
	EndGlobalSection
	GlobalSection(ProjectConfigurationPlatforms) = postSolution
		{7896E5B5-1AD5-4372-BC60-3814E53A4556}.Debug|Any CPU.ActiveCfg = Debug|Any CPU
		{7896E5B5-1AD5-4372-BC60-3814E53A4556}.Debug|Any CPU.Build.0 = Debug|Any CPU
		{7896E5B5-1AD5-4372-BC60-3814E53A4556}.Release|Any CPU.ActiveCfg = Release|Any CPU
		{7896E5B5-1AD5-4372-BC60-3814E53A4556}.Release|Any CPU.Build.0 = Release|Any CPU
		{BD74AB0D-33A1-43C5-950C-2EEEDCB542EF}.Debug|Any CPU.ActiveCfg = Debug|Any CPU
		{BD74AB0D-33A1-43C5-950C-2EEEDCB542EF}.Debug|Any CPU.Build.0 = Debug|Any CPU
		{BD74AB0D-33A1-43C5-950C-2EEEDCB542EF}.Release|Any CPU.ActiveCfg = Release|Any CPU
		{BD74AB0D-33A1-43C5-950C-2EEEDCB542EF}.Release|Any CPU.Build.0 = Release|Any CPU
	EndGlobalSection
	GlobalSection(SolutionProperties) = preSolution
		HideSolutionNode = FALSE
	EndGlobalSection
	GlobalSection(NestedProjects) = preSolution
		{7896E5B5-1AD5-4372-BC60-3814E53A4556} = {42EAE65B-EC25-494C-B7FD-62734B3E04A7}
		{BD74AB0D-33A1-43C5-950C-2EEEDCB542EF} = {42EAE65B-EC25-494C-B7FD-62734B3E04A7}
	EndGlobalSection
	GlobalSection(ExtensibilityGlobals) = postSolution
		SolutionGuid = {4B30F623-99C9-4B7C-BCC5-10823DCBBEA8}
	EndGlobalSection
EndGlobal
